
Microsoft Visual Studio Solution File, Format Version 12.00
# Visual Studio Version 17
VisualStudioVersion = 17.2.32210.308
MinimumVisualStudioVersion = 10.0.40219.1
Project("{FAE04EC0-301F-11D3-BF4B-00C04F79EFBC}") = "Turkiye", "Turkiye.csproj", "{B8B08835-6E0E-46FF-BD7A-F407BD76FED0}"
EndProject
Global
	GlobalSection(SolutionConfigurationPlatforms) = preSolution
		Debug|Any CPU = Debug|Any CPU
		Release|Any CPU = Release|Any CPU
	EndGlobalSection
	GlobalSection(ProjectConfigurationPlatforms) = postSolution
		{B8B08835-6E0E-46FF-BD7A-F407BD76FED0}.Debug|Any CPU.ActiveCfg = Debug|Any CPU
		{B8B08835-6E0E-46FF-BD7A-F407BD76FED0}.Debug|Any CPU.Build.0 = Debug|Any CPU
		{B8B08835-6E0E-46FF-BD7A-F407BD76FED0}.Release|Any CPU.ActiveCfg = Release|Any CPU
		{B8B08835-6E0E-46FF-BD7A-F407BD76FED0}.Release|Any CPU.Build.0 = Release|Any CPU
	EndGlobalSection
	GlobalSection(SolutionProperties) = preSolution
		HideSolutionNode = FALSE
	EndGlobalSection
	GlobalSection(ExtensibilityGlobals) = postSolution
		SolutionGuid = {CD199334-0E2A-4C39-8406-3B9A5C4ACA10}
	EndGlobalSection
EndGlobal
